Microsoft Visual Studio Solution File, Format Version 12.00
# Visual Studio Version 17
VisualStudioVersion = 17.5.2.0
MinimumVisualStudioVersion = 10.0.40219.1
Project("{FAE04EC0-301F-11D3-BF4B-00C04F79EFBC}") = "balta-io-devops", "balta-io-devops.csproj", "{159562C0-EB2F-A7CE-4EE2-CF88F296B517}"
EndProject
Global
	GlobalSection(SolutionConfigurationPlatforms) = preSolution
		Debug|Any CPU = Debug|Any CPU
		Release|Any CPU = Release|Any CPU
	EndGlobalSection
	GlobalSection(ProjectConfigurationPlatforms) = postSolution
		{159562C0-EB2F-A7CE-4EE2-CF88F296B517}.Debug|Any CPU.ActiveCfg = Debug|Any CPU
		{159562C0-EB2F-A7CE-4EE2-CF88F296B517}.Debug|Any CPU.Build.0 = Debug|Any CPU
		{159562C0-EB2F-A7CE-4EE2-CF88F296B517}.Release|Any CPU.ActiveCfg = Release|Any CPU
		{159562C0-EB2F-A7CE-4EE2-CF88F296B517}.Release|Any CPU.Build.0 = Release|Any CPU
	EndGlobalSection
	GlobalSection(SolutionProperties) = preSolution
		HideSolutionNode = FALSE
	EndGlobalSection
	GlobalSection(ExtensibilityGlobals) = postSolution
		SolutionGuid = {924CCA06-86EF-45B0-85A7-55B363FCE9B7}
	EndGlobalSection
EndGlobal
